
Microsoft Visual Studio Solution File, Format Version 12.00
# Visual Studio Version 17
VisualStudioVersion = 17.6.33829.357
MinimumVisualStudioVersion = 10.0.40219.1
Project("{9A19103F-16F7-4668-BE54-9A1E7A4F7556}") = "LindnerAirlines", "LindnerAirlines\LindnerAirlines.csproj", "{77E43E1C-AA93-4304-AE02-D3233C6696DD}"
EndProject
Global
	GlobalSection(SolutionConfigurationPlatforms) = preSolution
		Debug|Any CPU = Debug|Any CPU
		Release|Any CPU = Release|Any CPU
	EndGlobalSection
	GlobalSection(ProjectConfigurationPlatforms) = postSolution
		{77E43E1C-AA93-4304-AE02-D3233C6696DD}.Debug|Any CPU.ActiveCfg = Debug|Any CPU
		{77E43E1C-AA93-4304-AE02-D3233C6696DD}.Debug|Any CPU.Build.0 = Debug|Any CPU
		{77E43E1C-AA93-4304-AE02-D3233C6696DD}.Release|Any CPU.ActiveCfg = Release|Any CPU
		{77E43E1C-AA93-4304-AE02-D3233C6696DD}.Release|Any CPU.Build.0 = Release|Any CPU
	EndGlobalSection
	GlobalSection(SolutionProperties) = preSolution
		HideSolutionNode = FALSE
	EndGlobalSection
	GlobalSection(ExtensibilityGlobals) = postSolution
		SolutionGuid = {E63D2966-47BC-4C66-97D4-00290933B7D2}
	EndGlobalSection
EndGlobal
